
Microsoft Visual Studio Solution File, Format Version 12.00
# Visual Studio Version 16
VisualStudioVersion = 16.0.30128.74
MinimumVisualStudioVersion = 10.0.40219.1
Project("{FAE04EC0-301F-11D3-BF4B-00C04F79EFBC}") = "SimpleCMS", "SimpleCMS.csproj", "{75A74596-0A32-444F-B35E-6AC91147E7F4}"
EndProject
Global
	GlobalSection(SolutionConfigurationPlatforms) = preSolution
		Debug|Any CPU = Debug|Any CPU
		Release|Any CPU = Release|Any CPU
	EndGlobalSection
	GlobalSection(ProjectConfigurationPlatforms) = postSolution
		{75A74596-0A32-444F-B35E-6AC91147E7F4}.Debug|Any CPU.ActiveCfg = Debug|Any CPU
		{75A74596-0A32-444F-B35E-6AC91147E7F4}.Debug|Any CPU.Build.0 = Debug|Any CPU
		{75A74596-0A32-444F-B35E-6AC91147E7F4}.Release|Any CPU.ActiveCfg = Release|Any CPU
		{75A74596-0A32-444F-B35E-6AC91147E7F4}.Release|Any CPU.Build.0 = Release|Any CPU
	EndGlobalSection
	GlobalSection(SolutionProperties) = preSolution
		HideSolutionNode = FALSE
	EndGlobalSection
	GlobalSection(ExtensibilityGlobals) = postSolution
		SolutionGuid = {D5AAA7EE-8639-44F7-98A7-AC04B79AD3B9}
	EndGlobalSection
EndGlobal
